
Microsoft Visual Studio Solution File, Format Version 11.00
# Visual Studio 2010
Project("{FAE04EC0-301F-11D3-BF4B-00C04F79EFBC}") = "Aviso_J2", "Aviso_J2\Aviso_J2.csproj", "{439B757C-5C8B-47E4-86D8-F0D13528DADB}"
EndProject
Global
	GlobalSection(SolutionConfigurationPlatforms) = preSolution
		Debug|x86 = Debug|x86
		Release|x86 = Release|x86
	EndGlobalSection
	GlobalSection(ProjectConfigurationPlatforms) = postSolution
		{439B757C-5C8B-47E4-86D8-F0D13528DADB}.Debug|x86.ActiveCfg = Debug|x86
		{439B757C-5C8B-47E4-86D8-F0D13528DADB}.Debug|x86.Build.0 = Debug|x86
		{439B757C-5C8B-47E4-86D8-F0D13528DADB}.Release|x86.ActiveCfg = Release|x86
		{439B757C-5C8B-47E4-86D8-F0D13528DADB}.Release|x86.Build.0 = Release|x86
	EndGlobalSection
	GlobalSection(SolutionProperties) = preSolution
		HideSolutionNode = FALSE
	EndGlobalSection
EndGlobal
